
Microsoft Visual Studio Solution File, Format Version 12.00
# Visual Studio Version 16
VisualStudioVersion = 16.0.35425.106
MinimumVisualStudioVersion = 10.0.40219.1
Project("{FAE04EC0-301F-11D3-BF4B-00C04F79EFBC}") = "queue", "queue\queue.csproj", "{A0C33001-260B-423E-B6B4-DF3571E0DEB7}"
EndProject
Global
	GlobalSection(SolutionConfigurationPlatforms) = preSolution
		Debug|Any CPU = Debug|Any CPU
		Release|Any CPU = Release|Any CPU
	EndGlobalSection
	GlobalSection(ProjectConfigurationPlatforms) = postSolution
		{A0C33001-260B-423E-B6B4-DF3571E0DEB7}.Debug|Any CPU.ActiveCfg = Debug|Any CPU
		{A0C33001-260B-423E-B6B4-DF3571E0DEB7}.Debug|Any CPU.Build.0 = Debug|Any CPU
		{A0C33001-260B-423E-B6B4-DF3571E0DEB7}.Release|Any CPU.ActiveCfg = Release|Any CPU
		{A0C33001-260B-423E-B6B4-DF3571E0DEB7}.Release|Any CPU.Build.0 = Release|Any CPU
	EndGlobalSection
	GlobalSection(SolutionProperties) = preSolution
		HideSolutionNode = FALSE
	EndGlobalSection
	GlobalSection(ExtensibilityGlobals) = postSolution
		SolutionGuid = {691D71BD-A326-42CE-812B-5831BC2ED7C2}
	EndGlobalSection
EndGlobal
